Microsoft Visual Studio Solution File, Format Version 12.00
# Visual Studio Version 17
VisualStudioVersion = 17.2.32519.379
MinimumVisualStudioVersion = 10.0.40219.1
Project("{2150E333-8FDC-42A3-9474-1A3956D46DE8}") = "MailService", "MailService", "{4F4C1608-9329-46D2-AAD5-2457CFAB82A8}"
EndProject
Project("{9A19103F-16F7-4668-BE54-9A1E7A4F7556}") = "APIGateway", "APIGateway\APIGateway.csproj", "{2B6667E2-618D-4C47-8942-C07BB7A01224}"
EndProject
Project("{2150E333-8FDC-42A3-9474-1A3956D46DE8}") = "ProductService", "ProductService", "{BAA3E025-E74B-4810-AA86-3FDF7937355B}"
EndProject
Project("{9A19103F-16F7-4668-BE54-9A1E7A4F7556}") = "Product.API.Models", "ProductAPI\Product.API\Product.API.Models\Product.API.Models.csproj", "{8F2A0DD7-2504-4AC3-B18E-5F9995F57288}"
EndProject
Project("{9A19103F-16F7-4668-BE54-9A1E7A4F7556}") = "Product.API.Services", "ProductAPI\Product.API\Product.API.Services\Product.API.Services.csproj", "{FA947854-A7F7-4C4A-98BF-0D3D2B5A9F20}"
EndProject
Project("{9A19103F-16F7-4668-BE54-9A1E7A4F7556}") = "Product.API", "ProductAPI\Product.API\Product.API\Product.API.csproj", "{9C501BCA-4F70-43DD-8D97-541A9A3D0F4B}"
EndProject
Project("{9A19103F-16F7-4668-BE54-9A1E7A4F7556}") = "Product.API.Infrastructure", "ProductAPI\Product.API\Product.API.Infrastructure\Product.API.Infrastructure.csproj", "{CB7FA6A1-3D1A-4A6E-A289-27778EEA6FE1}"
EndProject
Project("{2150E333-8FDC-42A3-9474-1A3956D46DE8}") = "EventBus", "EventBus", "{0E29C305-F8A1-4BC9-8D24-35EAF2034C7A}"
EndProject
Project("{9A19103F-16F7-4668-BE54-9A1E7A4F7556}") = "EventBus.Base", "EventBus\EventBus.Base\EventBus.Base.csproj", "{B6FD8A3B-6F24-4D24-BADC-3C667E9AE924}"
EndProject
Project("{9A19103F-16F7-4668-BE54-9A1E7A4F7556}") = "EventBus.AzureServiceBus", "EventBus\EventBus.AzureServiceBus\EventBus.AzureServiceBus.csproj", "{F6A09822-9FBB-4689-877B-B484873BDF7A}"
EndProject
Project("{9A19103F-16F7-4668-BE54-9A1E7A4F7556}") = "EventBus.RabbitMQ", "EventBus\EventBus.RabbitMQ\EventBus.RabbitMQ.csproj", "{10621E0F-5C34-467A-A7C3-380E3881347A}"
EndProject
Project("{9A19103F-16F7-4668-BE54-9A1E7A4F7556}") = "EventBus.Factory", "EventBus\EventBus.Factory\EventBus.Factory.csproj", "{042F0016-05E2-41D4-A641-0AE2A08D9E76}"
EndProject
Project("{2150E333-8FDC-42A3-9474-1A3956D46DE8}") = "_test", "_test", "{8FFC1966-217F-49D2-A484-0B7A1D121959}"
EndProject
Project("{9A19103F-16F7-4668-BE54-9A1E7A4F7556}") = "EventBus.UnitTests", "EventBus.UnitTests\EventBus.UnitTests.csproj", "{5F1671DA-1970-4DC8-8A95-62398669C902}"
EndProject
Project("{2150E333-8FDC-42A3-9474-1A3956D46DE8}") = "src", "src", "{DF502619-50AD-46CF-A113-E7D0F8CDFCB8}"
EndProject
Project("{9A19103F-16F7-4668-BE54-9A1E7A4F7556}") = "MailService", "MailService\MailService\MailService.csproj", "{C452120F-55C0-438C-BBD0-9E8815D50B6B}"
EndProject
Project("{2150E333-8FDC-42A3-9474-1A3956D46DE8}") = "IdentityService", "IdentityService", "{D8D01738-0F94-4922-B47C-0BA63EB0B36C}"
EndProject
Project("{9A19103F-16F7-4668-BE54-9A1E7A4F7556}") = "IdentityService", "IdentityService\IdentityService.csproj", "{FE4B499C-6809-47A5-86D1-F71904ACE020}"
EndProject
Global
	GlobalSection(SolutionConfigurationPlatforms) = preSolution
		Debug|Any CPU = Debug|Any CPU
		Release|Any CPU = Release|Any CPU
	EndGlobalSection
	GlobalSection(ProjectConfigurationPlatforms) = postSolution
		{2B6667E2-618D-4C47-8942-C07BB7A01224}.Debug|Any CPU.ActiveCfg = Debug|Any CPU
		{2B6667E2-618D-4C47-8942-C07BB7A01224}.Debug|Any CPU.Build.0 = Debug|Any CPU
		{2B6667E2-618D-4C47-8942-C07BB7A01224}.Release|Any CPU.ActiveCfg = Release|Any CPU
		{2B6667E2-618D-4C47-8942-C07BB7A01224}.Release|Any CPU.Build.0 = Release|Any CPU
		{8F2A0DD7-2504-4AC3-B18E-5F9995F57288}.Debug|Any CPU.ActiveCfg = Debug|Any CPU
		{8F2A0DD7-2504-4AC3-B18E-5F9995F57288}.Debug|Any CPU.Build.0 = Debug|Any CPU
		{8F2A0DD7-2504-4AC3-B18E-5F9995F57288}.Release|Any CPU.ActiveCfg = Release|Any CPU
		{8F2A0DD7-2504-4AC3-B18E-5F9995F57288}.Release|Any CPU.Build.0 = Release|Any CPU
		{FA947854-A7F7-4C4A-98BF-0D3D2B5A9F20}.Debug|Any CPU.ActiveCfg = Debug|Any CPU
		{FA947854-A7F7-4C4A-98BF-0D3D2B5A9F20}.Debug|Any CPU.Build.0 = Debug|Any CPU
		{FA947854-A7F7-4C4A-98BF-0D3D2B5A9F20}.Release|Any CPU.ActiveCfg = Release|Any CPU
		{FA947854-A7F7-4C4A-98BF-0D3D2B5A9F20}.Release|Any CPU.Build.0 = Release|Any CPU
		{9C501BCA-4F70-43DD-8D97-541A9A3D0F4B}.Debug|Any CPU.ActiveCfg = Debug|Any CPU
		{9C501BCA-4F70-43DD-8D97-541A9A3D0F4B}.Debug|Any CPU.Build.0 = Debug|Any CPU
		{9C501BCA-4F70-43DD-8D97-541A9A3D0F4B}.Release|Any CPU.ActiveCfg = Release|Any CPU
		{9C501BCA-4F70-43DD-8D97-541A9A3D0F4B}.Release|Any CPU.Build.0 = Release|Any CPU
		{CB7FA6A1-3D1A-4A6E-A289-27778EEA6FE1}.Debug|Any CPU.ActiveCfg = Debug|Any CPU
		{CB7FA6A1-3D1A-4A6E-A289-27778EEA6FE1}.Debug|Any CPU.Build.0 = Debug|Any CPU
		{CB7FA6A1-3D1A-4A6E-A289-27778EEA6FE1}.Release|Any CPU.ActiveCfg = Release|Any CPU
		{CB7FA6A1-3D1A-4A6E-A289-27778EEA6FE1}.Release|Any CPU.Build.0 = Release|Any CPU
		{B6FD8A3B-6F24-4D24-BADC-3C667E9AE924}.Debug|Any CPU.ActiveCfg = Debug|Any CPU
		{B6FD8A3B-6F24-4D24-BADC-3C667E9AE924}.Debug|Any CPU.Build.0 = Debug|Any CPU
		{B6FD8A3B-6F24-4D24-BADC-3C667E9AE924}.Release|Any CPU.ActiveCfg = Release|Any CPU
		{B6FD8A3B-6F24-4D24-BADC-3C667E9AE924}.Release|Any CPU.Build.0 = Release|Any CPU
		{F6A09822-9FBB-4689-877B-B484873BDF7A}.Debug|Any CPU.ActiveCfg = Debug|Any CPU
		{F6A09822-9FBB-4689-877B-B484873BDF7A}.Debug|Any CPU.Build.0 = Debug|Any CPU
		{F6A09822-9FBB-4689-877B-B484873BDF7A}.Release|Any CPU.ActiveCfg = Release|Any CPU
		{F6A09822-9FBB-4689-877B-B484873BDF7A}.Release|Any CPU.Build.0 = Release|Any CPU
		{10621E0F-5C34-467A-A7C3-380E3881347A}.Debug|Any CPU.ActiveCfg = Debug|Any CPU
		{10621E0F-5C34-467A-A7C3-380E3881347A}.Debug|Any CPU.Build.0 = Debug|Any CPU
		{10621E0F-5C34-467A-A7C3-380E3881347A}.Release|Any CPU.ActiveCfg = Release|Any CPU
		{10621E0F-5C34-467A-A7C3-380E3881347A}.Release|Any CPU.Build.0 = Release|Any CPU
		{042F0016-05E2-41D4-A641-0AE2A08D9E76}.Debug|Any CPU.ActiveCfg = Debug|Any CPU
		{042F0016-05E2-41D4-A641-0AE2A08D9E76}.Debug|Any CPU.Build.0 = Debug|Any CPU
		{042F0016-05E2-41D4-A641-0AE2A08D9E76}.Release|Any CPU.ActiveCfg = Release|Any CPU
		{042F0016-05E2-41D4-A641-0AE2A08D9E76}.Release|Any CPU.Build.0 = Release|Any CPU
		{5F1671DA-1970-4DC8-8A95-62398669C902}.Debug|Any CPU.ActiveCfg = Debug|Any CPU
		{5F1671DA-1970-4DC8-8A95-62398669C902}.Debug|Any CPU.Build.0 = Debug|Any CPU
		{5F1671DA-1970-4DC8-8A95-62398669C902}.Release|Any CPU.ActiveCfg = Release|Any CPU
		{5F1671DA-1970-4DC8-8A95-62398669C902}.Release|Any CPU.Build.0 = Release|Any CPU
		{C452120F-55C0-438C-BBD0-9E8815D50B6B}.Debug|Any CPU.ActiveCfg = Debug|Any CPU
		{C452120F-55C0-438C-BBD0-9E8815D50B6B}.Debug|Any CPU.Build.0 = Debug|Any CPU
		{C452120F-55C0-438C-BBD0-9E8815D50B6B}.Release|Any CPU.ActiveCfg = Release|Any CPU
		{C452120F-55C0-438C-BBD0-9E8815D50B6B}.Release|Any CPU.Build.0 = Release|Any CPU
		{FE4B499C-6809-47A5-86D1-F71904ACE020}.Debug|Any CPU.ActiveCfg = Debug|Any CPU
		{FE4B499C-6809-47A5-86D1-F71904ACE020}.Debug|Any CPU.Build.0 = Debug|Any CPU
		{FE4B499C-6809-47A5-86D1-F71904ACE020}.Release|Any CPU.ActiveCfg = Release|Any CPU
		{FE4B499C-6809-47A5-86D1-F71904ACE020}.Release|Any CPU.Build.0 = Release|Any CPU
	EndGlobalSection
	GlobalSection(SolutionProperties) = preSolution
		HideSolutionNode = FALSE
	EndGlobalSection
	GlobalSection(NestedProjects) = preSolution
		{4F4C1608-9329-46D2-AAD5-2457CFAB82A8} = {DF502619-50AD-46CF-A113-E7D0F8CDFCB8}
		{BAA3E025-E74B-4810-AA86-3FDF7937355B} = {DF502619-50AD-46CF-A113-E7D0F8CDFCB8}
		{8F2A0DD7-2504-4AC3-B18E-5F9995F57288} = {BAA3E025-E74B-4810-AA86-3FDF7937355B}
		{FA947854-A7F7-4C4A-98BF-0D3D2B5A9F20} = {BAA3E025-E74B-4810-AA86-3FDF7937355B}
		{9C501BCA-4F70-43DD-8D97-541A9A3D0F4B} = {BAA3E025-E74B-4810-AA86-3FDF7937355B}
		{CB7FA6A1-3D1A-4A6E-A289-27778EEA6FE1} = {BAA3E025-E74B-4810-AA86-3FDF7937355B}
		{0E29C305-F8A1-4BC9-8D24-35EAF2034C7A} = {DF502619-50AD-46CF-A113-E7D0F8CDFCB8}
		{B6FD8A3B-6F24-4D24-BADC-3C667E9AE924} = {0E29C305-F8A1-4BC9-8D24-35EAF2034C7A}
		{F6A09822-9FBB-4689-877B-B484873BDF7A} = {0E29C305-F8A1-4BC9-8D24-35EAF2034C7A}
		{10621E0F-5C34-467A-A7C3-380E3881347A} = {0E29C305-F8A1-4BC9-8D24-35EAF2034C7A}
		{042F0016-05E2-41D4-A641-0AE2A08D9E76} = {0E29C305-F8A1-4BC9-8D24-35EAF2034C7A}
		{5F1671DA-1970-4DC8-8A95-62398669C902} = {8FFC1966-217F-49D2-A484-0B7A1D121959}
		{C452120F-55C0-438C-BBD0-9E8815D50B6B} = {4F4C1608-9329-46D2-AAD5-2457CFAB82A8}
		{D8D01738-0F94-4922-B47C-0BA63EB0B36C} = {DF502619-50AD-46CF-A113-E7D0F8CDFCB8}
		{FE4B499C-6809-47A5-86D1-F71904ACE020} = {D8D01738-0F94-4922-B47C-0BA63EB0B36C}
	EndGlobalSection
	GlobalSection(ExtensibilityGlobals) = postSolution
		SolutionGuid = {A2411469-13D7-4C99-B2A3-AB63FF812941}
	EndGlobalSection
EndGlobal
